
Microsoft Visual Studio Solution File, Format Version 12.00
# Visual Studio 2012
Project("{FAE04EC0-301F-11D3-BF4B-00C04F79EFBC}") = "HopfieldNetwork", "HopfieldNetwork\HopfieldNetwork.csproj", "{97C05773-5F4A-4160-ACBB-E396BCD262D2}"
EndProject
Project("{FAE04EC0-301F-11D3-BF4B-00C04F79EFBC}") = "BitmapHelper", "BitmapHelper\BitmapHelper.csproj", "{75FE3666-AF40-4DE6-9E77-59A1D6DF323C}"
EndProject
Global
	GlobalSection(SolutionConfigurationPlatforms) = preSolution
		Debug|Any CPU = Debug|Any CPU
		Release|Any CPU = Release|Any CPU
	EndGlobalSection
	GlobalSection(ProjectConfigurationPlatforms) = postSolution
		{97C05773-5F4A-4160-ACBB-E396BCD262D2}.Debug|Any CPU.ActiveCfg = Debug|Any CPU
		{97C05773-5F4A-4160-ACBB-E396BCD262D2}.Debug|Any CPU.Build.0 = Debug|Any CPU
		{97C05773-5F4A-4160-ACBB-E396BCD262D2}.Release|Any CPU.ActiveCfg = Release|Any CPU
		{97C05773-5F4A-4160-ACBB-E396BCD262D2}.Release|Any CPU.Build.0 = Release|Any CPU
		{75FE3666-AF40-4DE6-9E77-59A1D6DF323C}.Debug|Any CPU.ActiveCfg = Debug|Any CPU
		{75FE3666-AF40-4DE6-9E77-59A1D6DF323C}.Debug|Any CPU.Build.0 = Debug|Any CPU
		{75FE3666-AF40-4DE6-9E77-59A1D6DF323C}.Release|Any CPU.ActiveCfg = Release|Any CPU
		{75FE3666-AF40-4DE6-9E77-59A1D6DF323C}.Release|Any CPU.Build.0 = Release|Any CPU
	EndGlobalSection
	GlobalSection(SolutionProperties) = preSolution
		HideSolutionNode = FALSE
	EndGlobalSection
EndGlobal
